
Microsoft Visual Studio Solution File, Format Version 12.00
# Visual Studio Version 17
VisualStudioVersion = 17.4.33213.308
MinimumVisualStudioVersion = 10.0.40219.1
Project("{FAE04EC0-301F-11D3-BF4B-00C04F79EFBC}") = "OOPBedømmelsesCase", "OOPBedømmelsesCase\OOPBedømmelsesCase.csproj", "{3D160E1D-3ED2-4E84-AE7C-C4D56D577EC8}"
EndProject
Global
	GlobalSection(SolutionConfigurationPlatforms) = preSolution
		Debug|Any CPU = Debug|Any CPU
		Release|Any CPU = Release|Any CPU
	EndGlobalSection
	GlobalSection(ProjectConfigurationPlatforms) = postSolution
		{3D160E1D-3ED2-4E84-AE7C-C4D56D577EC8}.Debug|Any CPU.ActiveCfg = Debug|Any CPU
		{3D160E1D-3ED2-4E84-AE7C-C4D56D577EC8}.Debug|Any CPU.Build.0 = Debug|Any CPU
		{3D160E1D-3ED2-4E84-AE7C-C4D56D577EC8}.Release|Any CPU.ActiveCfg = Release|Any CPU
		{3D160E1D-3ED2-4E84-AE7C-C4D56D577EC8}.Release|Any CPU.Build.0 = Release|Any CPU
	EndGlobalSection
	GlobalSection(SolutionProperties) = preSolution
		HideSolutionNode = FALSE
	EndGlobalSection
	GlobalSection(ExtensibilityGlobals) = postSolution
		SolutionGuid = {E9296E35-405D-4F30-8F0E-8E8339522AEA}
	EndGlobalSection
EndGlobal
